
Microsoft Visual Studio Solution File, Format Version 12.00
# Visual Studio Version 16
VisualStudioVersion = 16.0.30114.105
MinimumVisualStudioVersion = 10.0.40219.1
Project("{FAE04EC0-301F-11D3-BF4B-00C04F79EFBC}") = "Model", "Model\Model.csproj", "{57F3B08D-9EBB-4488-B6B7-87F48414A787}"
EndProject
Project("{FAE04EC0-301F-11D3-BF4B-00C04F79EFBC}") = "Enums", "Enums\Enums.csproj", "{3C90CD8A-1F38-495F-A1B9-441DF5FE08F9}"
EndProject
Project("{FAE04EC0-301F-11D3-BF4B-00C04F79EFBC}") = "DTO", "DTO\DTO.csproj", "{2FC4CAAE-1F5F-453D-83CF-CA2ECA621618}"
EndProject
Project("{FAE04EC0-301F-11D3-BF4B-00C04F79EFBC}") = "Interfaces", "Interfaces\Interfaces.csproj", "{37257480-FEC6-4C2A-9686-D1E4FA9B38F1}"
EndProject
Project("{FAE04EC0-301F-11D3-BF4B-00C04F79EFBC}") = "DAO", "DAO\DAO.csproj", "{5CF3E44D-D18D-441D-9245-52AD0C25416B}"
EndProject
Project("{FAE04EC0-301F-11D3-BF4B-00C04F79EFBC}") = "console", "console\console.csproj", "{CE13607E-B4B4-40F8-A196-2120A28F2466}"
EndProject
Global
	GlobalSection(SolutionConfigurationPlatforms) = preSolution
		Debug|Any CPU = Debug|Any CPU
		Release|Any CPU = Release|Any CPU
	EndGlobalSection
	GlobalSection(SolutionProperties) = preSolution
		HideSolutionNode = FALSE
	EndGlobalSection
	GlobalSection(ProjectConfigurationPlatforms) = postSolution
		{57F3B08D-9EBB-4488-B6B7-87F48414A787}.Debug|Any CPU.ActiveCfg = Debug|Any CPU
		{57F3B08D-9EBB-4488-B6B7-87F48414A787}.Debug|Any CPU.Build.0 = Debug|Any CPU
		{57F3B08D-9EBB-4488-B6B7-87F48414A787}.Release|Any CPU.ActiveCfg = Release|Any CPU
		{57F3B08D-9EBB-4488-B6B7-87F48414A787}.Release|Any CPU.Build.0 = Release|Any CPU
		{3C90CD8A-1F38-495F-A1B9-441DF5FE08F9}.Debug|Any CPU.ActiveCfg = Debug|Any CPU
		{3C90CD8A-1F38-495F-A1B9-441DF5FE08F9}.Debug|Any CPU.Build.0 = Debug|Any CPU
		{3C90CD8A-1F38-495F-A1B9-441DF5FE08F9}.Release|Any CPU.ActiveCfg = Release|Any CPU
		{3C90CD8A-1F38-495F-A1B9-441DF5FE08F9}.Release|Any CPU.Build.0 = Release|Any CPU
		{2FC4CAAE-1F5F-453D-83CF-CA2ECA621618}.Debug|Any CPU.ActiveCfg = Debug|Any CPU
		{2FC4CAAE-1F5F-453D-83CF-CA2ECA621618}.Debug|Any CPU.Build.0 = Debug|Any CPU
		{2FC4CAAE-1F5F-453D-83CF-CA2ECA621618}.Release|Any CPU.ActiveCfg = Release|Any CPU
		{2FC4CAAE-1F5F-453D-83CF-CA2ECA621618}.Release|Any CPU.Build.0 = Release|Any CPU
		{37257480-FEC6-4C2A-9686-D1E4FA9B38F1}.Debug|Any CPU.ActiveCfg = Debug|Any CPU
		{37257480-FEC6-4C2A-9686-D1E4FA9B38F1}.Debug|Any CPU.Build.0 = Debug|Any CPU
		{37257480-FEC6-4C2A-9686-D1E4FA9B38F1}.Release|Any CPU.ActiveCfg = Release|Any CPU
		{37257480-FEC6-4C2A-9686-D1E4FA9B38F1}.Release|Any CPU.Build.0 = Release|Any CPU
		{5CF3E44D-D18D-441D-9245-52AD0C25416B}.Debug|Any CPU.ActiveCfg = Debug|Any CPU
		{5CF3E44D-D18D-441D-9245-52AD0C25416B}.Debug|Any CPU.Build.0 = Debug|Any CPU
		{5CF3E44D-D18D-441D-9245-52AD0C25416B}.Release|Any CPU.ActiveCfg = Release|Any CPU
		{5CF3E44D-D18D-441D-9245-52AD0C25416B}.Release|Any CPU.Build.0 = Release|Any CPU
		{CE13607E-B4B4-40F8-A196-2120A28F2466}.Debug|Any CPU.ActiveCfg = Debug|Any CPU
		{CE13607E-B4B4-40F8-A196-2120A28F2466}.Debug|Any CPU.Build.0 = Debug|Any CPU
		{CE13607E-B4B4-40F8-A196-2120A28F2466}.Release|Any CPU.ActiveCfg = Release|Any CPU
		{CE13607E-B4B4-40F8-A196-2120A28F2466}.Release|Any CPU.Build.0 = Release|Any CPU
	EndGlobalSection
EndGlobal
